Microsoft Visual Studio Solution File, Format Version 12.00
# Visual Studio Version 17
VisualStudioVersion = 17.5.2.0
MinimumVisualStudioVersion = 10.0.40219.1
Project("{FAE04EC0-301F-11D3-BF4B-00C04F79EFBC}") = "flashcardo", "flashcardo\flashcardo.csproj", "{4378DC41-EBFE-6293-76C6-D5E2E368C51B}"
EndProject
Project("{FAE04EC0-301F-11D3-BF4B-00C04F79EFBC}") = "tests", "tests\tests.csproj", "{FB578DB7-6E34-4502-A501-CE8F056CD763}"
EndProject
Global
	GlobalSection(SolutionConfigurationPlatforms) = preSolution
		Debug|Any CPU = Debug|Any CPU
		Release|Any CPU = Release|Any CPU
	EndGlobalSection
	GlobalSection(ProjectConfigurationPlatforms) = postSolution
		{4378DC41-EBFE-6293-76C6-D5E2E368C51B}.Debug|Any CPU.ActiveCfg = Debug|Any CPU
		{4378DC41-EBFE-6293-76C6-D5E2E368C51B}.Debug|Any CPU.Build.0 = Debug|Any CPU
		{4378DC41-EBFE-6293-76C6-D5E2E368C51B}.Release|Any CPU.ActiveCfg = Release|Any CPU
		{4378DC41-EBFE-6293-76C6-D5E2E368C51B}.Release|Any CPU.Build.0 = Release|Any CPU
		{FB578DB7-6E34-4502-A501-CE8F056CD763}.Debug|Any CPU.ActiveCfg = Debug|Any CPU
		{FB578DB7-6E34-4502-A501-CE8F056CD763}.Debug|Any CPU.Build.0 = Debug|Any CPU
		{FB578DB7-6E34-4502-A501-CE8F056CD763}.Release|Any CPU.ActiveCfg = Release|Any CPU
		{FB578DB7-6E34-4502-A501-CE8F056CD763}.Release|Any CPU.Build.0 = Release|Any CPU
	EndGlobalSection
	GlobalSection(SolutionProperties) = preSolution
		HideSolutionNode = FALSE
	EndGlobalSection
	GlobalSection(ExtensibilityGlobals) = postSolution
		SolutionGuid = {D6D5AAF4-50AB-4AF4-A06F-5AAC8643263F}
	EndGlobalSection
EndGlobal
